// !$*UTF8*$!
{
	archiveVersion = 1;
	classes = {
	};
	objectVersion = 46;
	objects = {

/* Begin PBXBuildFile section */
		6B8384A41BE9D857004CEA8D /* KLClassA.m in Sources */ = {isa = PBXBuildFile; fileRef = 6B8384A31BE9D857004CEA8D /* KLClassA.m */; };
		6B8384A71BE9D86E004CEA8D /* KLClassB.m in Sources */ = {isa = PBXBuildFile; fileRef = 6B8384A61BE9D86E004CEA8D /* KLClassB.m */; };
		6B8384AA1BE9DB2B004CEA8D /* KLClassC.m in Sources */ = {isa = PBXBuildFile; fileRef = 6B8384A91BE9DB2B004CEA8D /* KLClassC.m */; };
		6BE5E85E1BE743F1002EE887 /* main.m in Sources */ = {isa = PBXBuildFile; fileRef = 6BE5E85D1BE743F1002EE887 /* main.m */; };
		6BE5E8611BE743F1002EE887 /* AppDelegate.m in Sources */ = {isa = PBXBuildFile; fileRef = 6BE5E8601BE743F1002EE887 /* AppDelegate.m */; };
		6BE5E8641BE743F1002EE887 /* ViewController.m in Sources */ = {isa = PBXBuildFile; fileRef = 6BE5E8631BE743F1002EE887 /* ViewController.m */; };
		6BE5E8671BE743F1002EE887 /* Main.storyboard in Resources */ = {isa = PBXBuildFile; fileRef = 6BE5E8651BE743F1002EE887 /* Main.storyboard */; };
		6BE5E8691BE743F1002EE887 /* Assets.xcassets in Resources */ = {isa = PBXBuildFile; fileRef = 6BE5E8681BE743F1002EE887 /* Assets.xcassets */; };
		6BE5E86C1BE743F1002EE887 /* LaunchScreen.storyboard in Resources */ = {isa = PBXBuildFile; fileRef = 6BE5E86A1BE743F1002EE887 /* LaunchScreen.storyboard */; };
		6BE5E8781BE7443F002EE887 /* KLHelloWorld.m in Sources */ = {isa = PBXBuildFile; fileRef = 6BE5E8771BE7443F002EE887 /* KLHelloWorld.m */; };
		6BE5E87B1BE75A96002EE887 /* KLCalculator.m in Sources */ = {isa = PBXBuildFile; fileRef = 6BE5E87A1BE75A96002EE887 /* KLCalculator.m */; };
/* End PBXBuildFile section */

/* Begin PBXFileReference section */
		6B8384A21BE9D857004CEA8D /* KLClassA.h */ = {isa = PBXFileReference; fileEncoding = 4; lastKnownFileType = sourcecode.c.h; path = KLClassA.h; sourceTree = "<group>"; };
		6B8384A31BE9D857004CEA8D /* KLClassA.m */ = {isa = PBXFileReference; fileEncoding = 4; lastKnownFileType = sourcecode.c.objc; path = KLClassA.m; sourceTree = "<group>"; };
		6B8384A51BE9D86E004CEA8D /* KLClassB.h */ = {isa = PBXFileReference; fileEncoding = 4; lastKnownFileType = sourcecode.c.h; path = KLClassB.h; sourceTree = "<group>"; };
		6B8384A61BE9D86E004CEA8D /* KLClassB.m */ = {isa = PBXFileReference; fileEncoding = 4; lastKnownFileType = sourcecode.c.objc; path = KLClassB.m; sourceTree = "<group>"; };
		6B8384A81BE9DB2B004CEA8D /* KLClassC.h */ = {isa = PBXFileReference; fileEncoding = 4; lastKnownFileType = sourcecode.c.h; path = KLClassC.h; sourceTree = "<group>"; };
		6B8384A91BE9DB2B004CEA8D /* KLClassC.m */ = {isa = PBXFileReference; fileEncoding = 4; lastKnownFileType = sourcecode.c.objc; path = KLClassC.m; sourceTree = "<group>"; };
		6BE5E8591BE743F1002EE887 /* helloworld.app */ = {isa = PBXFileReference; explicitFileType = wrapper.application; includeInIndex = 0; path = helloworld.app; sourceTree = BUILT_PRODUCTS_DIR; };
		6BE5E85D1BE743F1002EE887 /* main.m */ = {isa = PBXFileReference; lastKnownFileType = sourcecode.c.objc; path = main.m; sourceTree = "<group>"; };
		6BE5E85F1BE743F1002EE887 /* AppDelegate.h */ = {isa = PBXFileReference; lastKnownFileType = sourcecode.c.h; path = AppDelegate.h; sourceTree = "<group>"; };
		6BE5E8601BE743F1002EE887 /* AppDelegate.m */ = {isa = PBXFileReference; lastKnownFileType = sourcecode.c.objc; path = AppDelegate.m; sourceTree = "<group>"; };
		6BE5E8621BE743F1002EE887 /* ViewController.h */ = {isa = PBXFileReference; lastKnownFileType = sourcecode.c.h; path = ViewController.h; sourceTree = "<group>"; };
		6BE5E8631BE743F1002EE887 /* ViewController.m */ = {isa = PBXFileReference; lastKnownFileType = sourcecode.c.objc; path = ViewController.m; sourceTree = "<group>"; };
		6BE5E8661BE743F1002EE887 /* Base */ = {isa = PBXFileReference; lastKnownFileType = file.storyboard; name = Base; path = Base.lproj/Main.storyboard; sourceTree = "<group>"; };
		6BE5E8681BE743F1002EE887 /* Assets.xcassets */ = {isa = PBXFileReference; lastKnownFileType = folder.assetcatalog; path = Assets.xcassets; sourceTree = "<group>"; };
		6BE5E86B1BE743F1002EE887 /* Base */ = {isa = PBXFileReference; lastKnownFileType = file.storyboard; name = Base; path = Base.lproj/LaunchScreen.storyboard; sourceTree = "<group>"; };
		6BE5E86D1BE743F1002EE887 /* Info.plist */ = {isa = PBXFileReference; lastKnownFileType = text.plist.xml; path = Info.plist; sourceTree = "<group>"; };
		6BE5E8761BE7443F002EE887 /* KLHelloWorld.h */ = {isa = PBXFileReference; fileEncoding = 4; lastKnownFileType = sourcecode.c.h; path = KLHelloWorld.h; sourceTree = "<group>"; };
		6BE5E8771BE7443F002EE887 /* KLHelloWorld.m */ = {isa = PBXFileReference; fileEncoding = 4; lastKnownFileType = sourcecode.c.objc; path = KLHelloWorld.m; sourceTree = "<group>"; };
		6BE5E8791BE75A96002EE887 /* KLCalculator.h */ = {isa = PBXFileReference; fileEncoding = 4; lastKnownFileType = sourcecode.c.h; path = KLCalculator.h; sourceTree = "<group>"; };
		6BE5E87A1BE75A96002EE887 /* KLCalculator.m */ = {isa = PBXFileReference; fileEncoding = 4; lastKnownFileType = sourcecode.c.objc; path = KLCalculator.m; sourceTree = "<group>"; };
/* End PBXFileReference section */

/* Begin PBXFrameworksBuildPhase section */
		6BE5E8561BE743F1002EE887 /* Frameworks */ = {
			isa = PBXFrameworksBuildPhase;
			buildActionMask = 2147483647;
			files = (
			);
			runOnlyForDeploymentPostprocessing = 0;
		};
/* End PBXFrameworksBuildPhase section */

/* Begin PBXGroup section */
		6BE5E8501BE743F1002EE887 = {
			isa = PBXGroup;
			children = (
				6BE5E85B1BE743F1002EE887 /* helloworld */,
				6BE5E85A1BE743F1002EE887 /* Products */,
			);
			sourceTree = "<group>";
		};
		6BE5E85A1BE743F1002EE887 /* Products */ = {
			isa = PBXGroup;
			children = (
				6BE5E8591BE743F1002EE887 /* helloworld.app */,
			);
			name = Products;
			sourceTree = "<group>";
		};
		6BE5E85B1BE743F1002EE887 /* helloworld */ = {
			isa = PBXGroup;
			children = (
				6BE5E85F1BE743F1002EE887 /* AppDelegate.h */,
				6BE5E8601BE743F1002EE887 /* AppDelegate.m */,
				6BE5E8761BE7443F002EE887 /* KLHelloWorld.h */,
				6BE5E8771BE7443F002EE887 /* KLHelloWorld.m */,
				6BE5E8791BE75A96002EE887 /* KLCalculator.h */,
				6BE5E87A1BE75A96002EE887 /* KLCalculator.m */,
				6B8384A21BE9D857004CEA8D /* KLClassA.h */,
				6B8384A31BE9D857004CEA8D /* KLClassA.m */,
				6B8384A51BE9D86E004CEA8D /* KLClassB.h */,
				6B8384A61BE9D86E004CEA8D /* KLClassB.m */,
				6B8384A81BE9DB2B004CEA8D /* KLClassC.h */,
				6B8384A91BE9DB2B004CEA8D /* KLClassC.m */,
				6BE5E8621BE743F1002EE887 /* ViewController.h */,
				6BE5E8631BE743F1002EE887 /* ViewController.m */,
				6BE5E8651BE743F1002EE887 /* Main.storyboard */,
				6BE5E8681BE743F1002EE887 /* Assets.xcassets */,
				6BE5E86A1BE743F1002EE887 /* LaunchScreen.storyboard */,
				6BE5E86D1BE743F1002EE887 /* Info.plist */,
				6BE5E85C1BE743F1002EE887 /* Supporting Files */,
			);
			path = helloworld;
			sourceTree = "<group>";
		};
		6BE5E85C1BE743F1002EE887 /* Supporting Files */ = {
			isa = PBXGroup;
			children = (
				6BE5E85D1BE743F1002EE887 /* main.m */,
			);
			name = "Supporting Files";
			sourceTree = "<group>";
		};
/* End PBXGroup section */

/* Begin PBXNativeTarget section */
		6BE5E8581BE743F1002EE887 /* helloworld */ = {
			isa = PBXNativeTarget;
			buildConfigurationList = 6BE5E8701BE743F1002EE887 /* Build configuration list for PBXNativeTarget "helloworld" */;
			buildPhases = (
				6BE5E8551BE743F1002EE887 /* Sources */,
				6BE5E8561BE743F1002EE887 /* Frameworks */,
				6BE5E8571BE743F1002EE887 /* Resources */,
			);
			buildRules = (
			);
			dependencies = (
			);
			name = helloworld;
			productName = helloworld;
			productReference = 6BE5E8591BE743F1002EE887 /* helloworld.app */;
			productType = "com.apple.product-type.application";
		};
/* End PBXNativeTarget section */

/* Begin PBXProject section */
		6BE5E8511BE743F1002EE887 /* Project object */ = {
			isa = PBXProject;
			attributes = {
				LastUpgradeCheck = 0710;
				ORGANIZATIONNAME = kl;
				TargetAttributes = {
					6BE5E8581BE743F1002EE887 = {
						CreatedOnToolsVersion = 7.1;
						DevelopmentTeam = 9LX3DSVSDD;
					};
				};
			};
			buildConfigurationList = 6BE5E8541BE743F1002EE887 /* Build configuration list for PBXProject "helloworld" */;
			compatibilityVersion = "Xcode 3.2";
			developmentRegion = English;
			hasScannedForEncodings = 0;
			knownRegions = (
				en,
				Base,
			);
			mainGroup = 6BE5E8501BE743F1002EE887;
			productRefGroup = 6BE5E85A1BE743F1002EE887 /* Products */;
			projectDirPath = "";
			projectRoot = "";
			targets = (
				6BE5E8581BE743F1002EE887 /* helloworld */,
			);
		};
/* End PBXProject section */

/* Begin PBXResourcesBuildPhase section */
		6BE5E8571BE743F1002EE887 /* Resources */ = {
			isa = PBXResourcesBuildPhase;
			buildActionMask = 2147483647;
			files = (
				6BE5E86C1BE743F1002EE887 /* LaunchScreen.storyboard in Resources */,
				6BE5E8691BE743F1002EE887 /* Assets.xcassets in Resources */,
				6BE5E8671BE743F1002EE887 /* Main.storyboard in Resources */,
			);
			runOnlyForDeploymentPostprocessing = 0;
		};
/* End PBXResourcesBuildPhase section */

/* Begin PBXSourcesBuildPhase section */
		6BE5E8551BE743F1002EE887 /* Sources */ = {
			isa = PBXSourcesBuildPhase;
			buildActionMask = 2147483647;
			files = (
				6BE5E8781BE7443F002EE887 /* KLHelloWorld.m in Sources */,
				6B8384A41BE9D857004CEA8D /* KLClassA.m in Sources */,
				6B8384A71BE9D86E004CEA8D /* KLClassB.m in Sources */,
				6BE5E8641BE743F1002EE887 /* ViewController.m in Sources */,
				6BE5E8611BE743F1002EE887 /* AppDelegate.m in Sources */,
				6B8384AA1BE9DB2B004CEA8D /* KLClassC.m in Sources */,
				6BE5E85E1BE743F1002EE887 /* main.m in Sources */,
				6BE5E87B1BE75A96002EE887 /* KLCalculator.m in Sources */,
			);
			runOnlyForDeploymentPostprocessing = 0;
		};
/* End PBXSourcesBuildPhase section */

/* Begin PBXVariantGroup section */
		6BE5E8651BE743F1002EE887 /* Main.storyboard */ = {
			isa = PBXVariantGroup;
			children = (
				6BE5E8661BE743F1002EE887 /* Base */,
			);
			name = Main.storyboard;
			sourceTree = "<group>";
		};
		6BE5E86A1BE743F1002EE887 /* LaunchScreen.storyboard */ = {
			isa = PBXVariantGroup;
			children = (
				6BE5E86B1BE743F1002EE887 /* Base */,
			);
			name = LaunchScreen.storyboard;
			sourceTree = "<group>";
		};
/* End PBXVariantGroup section */

/* Begin XCBuildConfiguration section */
		6BE5E86E1BE743F1002EE887 /* Debug */ = {
			isa = XCBuildConfiguration;
			buildSettings = {
				ALWAYS_SEARCH_USER_PATHS = NO;
				CLANG_CXX_LANGUAGE_STANDARD = "gnu++0x";
				CLANG_CXX_LIBRARY = "libc++";
				CLANG_ENABLE_MODULES = YES;
				CLANG_ENABLE_OBJC_ARC = YES;
				CLANG_WARN_BOOL_CONVERSION = YES;
				CLANG_WARN_CONSTANT_CONVERSION = YES;
				CLANG_WARN_DIRECT_OBJC_ISA_USAGE = YES_ERROR;
				CLANG_WARN_EMPTY_BODY = YES;
				CLANG_WARN_ENUM_CONVERSION = YES;
				CLANG_WARN_INT_CONVERSION = YES;
				CLANG_WARN_OBJC_ROOT_CLASS = YES_ERROR;
				CLANG_WARN_UNREACHABLE_CODE = YES;
				CLANG_WARN__DUPLICATE_METHOD_MATCH = YES;
				"CODE_SIGN_IDENTITY[sdk=iphoneos*]" = "iPhone Developer";
				COPY_PHASE_STRIP = NO;
				DEBUG_INFORMATION_FORMAT = dwarf;
				ENABLE_STRICT_OBJC_MSGSEND = YES;
				ENABLE_TESTABILITY = YES;
				GCC_C_LANGUAGE_STANDARD = gnu99;
				GCC_DYNAMIC_NO_PIC = NO;
				GCC_NO_COMMON_BLOCKS = YES;
				GCC_OPTIMIZATION_LEVEL = 0;
				GCC_PREPROCESSOR_DEFINITIONS = (
					"DEBUG=1",
					"$(inherited)",
				);
				GCC_WARN_64_TO_32_BIT_CONVERSION = YES;
				GCC_WARN_ABOUT_RETURN_TYPE = YES_ERROR;
				GCC_WARN_UNDECLARED_SELECTOR = YES;
				GCC_WARN_UNINITIALIZED_AUTOS = YES_AGGRESSIVE;
				GCC_WARN_UNUSED_FUNCTION = YES;
				GCC_WARN_UNUSED_VARIABLE = YES;
				IPHONEOS_DEPLOYMENT_TARGET = 9.1;
				MTL_ENABLE_DEBUG_INFO = YES;
				ONLY_ACTIVE_ARCH = YES;
				SDKROOT = iphoneos;
			};
			name = Debug;
		};
		6BE5E86F1BE743F1002EE887 /* Release */ = {
			isa = XCBuildConfiguration;
			buildSettings = {
				ALWAYS_SEARCH_USER_PATHS = NO;
				CLANG_CXX_LANGUAGE_STANDARD = "gnu++0x";
				CLANG_CXX_LIBRARY = "libc++";
				CLANG_ENABLE_MODULES = YES;
				CLANG_ENABLE_OBJC_ARC = YES;
				CLANG_WARN_BOOL_CONVERSION = YES;
				CLANG_WARN_CONSTANT_CONVERSION = YES;
				CLANG_WARN_DIRECT_OBJC_ISA_USAGE = YES_ERROR;
				CLANG_WARN_EMPTY_BODY = YES;
				CLANG_WARN_ENUM_CONVERSION = YES;
				CLANG_WARN_INT_CONVERSION = YES;
				CLANG_WARN_OBJC_ROOT_CLASS = YES_ERROR;
				CLANG_WARN_UNREACHABLE_CODE = YES;
				CLANG_WARN__DUPLICATE_METHOD_MATCH = YES;
				"CODE_SIGN_IDENTITY[sdk=iphoneos*]" = "iPhone Developer";
				COPY_PHASE_STRIP = NO;
				DEBUG_INFORMATION_FORMAT = "dwarf-with-dsym";
				ENABLE_NS_ASSERTIONS = NO;
				ENABLE_STRICT_OBJC_MSGSEND = YES;
				GCC_C_LANGUAGE_STANDARD = gnu99;
				GCC_NO_COMMON_BLOCKS = YES;
				GCC_WARN_64_TO_32_BIT_CONVERSION = YES;
				GCC_WARN_ABOUT_RETURN_TYPE = YES_ERROR;
				GCC_WARN_UNDECLARED_SELECTOR = YES;
				GCC_WARN_UNINITIALIZED_AUTOS = YES_AGGRESSIVE;
				GCC_WARN_UNUSED_FUNCTION = YES;
				GCC_WARN_UNUSED_VARIABLE = YES;
				IPHONEOS_DEPLOYMENT_TARGET = 9.1;
				MTL_ENABLE_DEBUG_INFO = NO;
				SDKROOT = iphoneos;
				VALIDATE_PRODUCT = YES;
			};
			name = Release;
		};
		6BE5E8711BE743F1002EE887 /* Debug */ = {
			isa = XCBuildConfiguration;
			buildSettings = {
				ASSETCATALOG_COMPILER_APPICON_NAME = AppIcon;
				INFOPLIST_FILE = helloworld/Info.plist;
				LD_RUNPATH_SEARCH_PATHS = "$(inherited) @executable_path/Frameworks";
				PRODUCT_BUNDLE_IDENTIFIER = edu.kl.helloworld;
				PRODUCT_NAME = "$(TARGET_NAME)";
			};
			name = Debug;
		};
		6BE5E8721BE743F1002EE887 /* Release */ = {
			isa = XCBuildConfiguration;
			buildSettings = {
				ASSETCATALOG_COMPILER_APPICON_NAME = AppIcon;
				INFOPLIST_FILE = helloworld/Info.plist;
				LD_RUNPATH_SEARCH_PATHS = "$(inherited) @executable_path/Frameworks";
				PRODUCT_BUNDLE_IDENTIFIER = edu.kl.helloworld;
				PRODUCT_NAME = "$(TARGET_NAME)";
			};
			name = Release;
		};
/* End XCBuildConfiguration section */

/* Begin XCConfigurationList section */
		6BE5E8541BE743F1002EE887 /* Build configuration list for PBXProject "helloworld" */ = {
			isa = XCConfigurationList;
			buildConfigurations = (
				6BE5E86E1BE743F1002EE887 /* Debug */,
				6BE5E86F1BE743F1002EE887 /* Release */,
			);
			defaultConfigurationIsVisible = 0;
			defaultConfigurationName = Release;
		};
		6BE5E8701BE743F1002EE887 /* Build configuration list for PBXNativeTarget "helloworld" */ = {
			isa = XCConfigurationList;
			buildConfigurations = (
				6BE5E8711BE743F1002EE887 /* Debug */,
				6BE5E8721BE743F1002EE887 /* Release */,
			);
			defaultConfigurationIsVisible = 0;
			defaultConfigurationName = Release;
		};
/* End XCConfigurationList section */
	};
	rootObject = 6BE5E8511BE743F1002EE887 /* Project object */;
}
