// !$*UTF8*$!
{
	archiveVersion = 1;
	classes = {
	};
	objectVersion = 46;
	objects = {

/* Begin PBXBuildFile section */
		6B6A377B1C116B1500620202 /* Homepwner.xcdatamodeld in Sources */ = {isa = PBXBuildFile; fileRef = 6B6A37791C116B1500620202 /* Homepwner.xcdatamodeld */; };
		6B6A37811C116E6000620202 /* BNRItem+CoreDataProperties.m in Sources */ = {isa = PBXBuildFile; fileRef = 6B6A37801C116E6000620202 /* BNRItem+CoreDataProperties.m */; };
		6B6A378A1C11894400620202 /* str.strings in Resources */ = {isa = PBXBuildFile; fileRef = 6B6A378C1C11894400620202 /* str.strings */; };
		6BD10D831C11694E0086590F /* main.m in Sources */ = {isa = PBXBuildFile; fileRef = 6BD10D821C11694E0086590F /* main.m */; };
		6BD10D891C11694E0086590F /* ViewController.m in Sources */ = {isa = PBXBuildFile; fileRef = 6BD10D881C11694E0086590F /* ViewController.m */; };
		6BD10D8C1C11694E0086590F /* Main.storyboard in Resources */ = {isa = PBXBuildFile; fileRef = 6BD10D8A1C11694E0086590F /* Main.storyboard */; };
		6BD10D8E1C11694E0086590F /* Assets.xcassets in Resources */ = {isa = PBXBuildFile; fileRef = 6BD10D8D1C11694E0086590F /* Assets.xcassets */; };
		6BD10D911C11694E0086590F /* LaunchScreen.storyboard in Resources */ = {isa = PBXBuildFile; fileRef = 6BD10D8F1C11694E0086590F /* LaunchScreen.storyboard */; };
		6BD10DAB1C1169710086590F /* BNRAppDelegate.m in Sources */ = {isa = PBXBuildFile; fileRef = 6BD10D991C1169710086590F /* BNRAppDelegate.m */; };
		6BD10DAC1C1169710086590F /* BNRDetailViewController.m in Sources */ = {isa = PBXBuildFile; fileRef = 6BD10D9B1C1169710086590F /* BNRDetailViewController.m */; };
		6BD10DAD1C1169710086590F /* BNRDetailViewController.xib in Resources */ = {isa = PBXBuildFile; fileRef = 6BD10D9C1C1169710086590F /* BNRDetailViewController.xib */; };
		6BD10DAE1C1169710086590F /* BNRImageStore.m in Sources */ = {isa = PBXBuildFile; fileRef = 6BD10D9E1C1169710086590F /* BNRImageStore.m */; };
		6BD10DAF1C1169710086590F /* BNRItem.m in Sources */ = {isa = PBXBuildFile; fileRef = 6BD10DA01C1169710086590F /* BNRItem.m */; };
		6BD10DB01C1169710086590F /* BNRItemStore.m in Sources */ = {isa = PBXBuildFile; fileRef = 6BD10DA21C1169710086590F /* BNRItemStore.m */; };
		6BD10DB11C1169710086590F /* BNRItemsViewController.m in Sources */ = {isa = PBXBuildFile; fileRef = 6BD10DA41C1169710086590F /* BNRItemsViewController.m */; };
		6BD10DB21C1169710086590F /* InfoPlist.strings in Resources */ = {isa = PBXBuildFile; fileRef = 6BD10DA61C1169710086590F /* InfoPlist.strings */; };
		6BD10DB31C1169710086590F /* HomePwner-Info.plist in Resources */ = {isa = PBXBuildFile; fileRef = 6BD10DA81C1169710086590F /* HomePwner-Info.plist */; };
/* End PBXBuildFile section */

/* Begin PBXFileReference section */
		6B6A377A1C116B1500620202 /* Homepwner.xcdatamodel */ = {isa = PBXFileReference; lastKnownFileType = wrapper.xcdatamodel; path = Homepwner.xcdatamodel; sourceTree = "<group>"; };
		6B6A377F1C116E6000620202 /* BNRItem+CoreDataProperties.h */ = {isa = PBXFileReference; fileEncoding = 4; lastKnownFileType = sourcecode.c.h; path = "BNRItem+CoreDataProperties.h"; sourceTree = "<group>"; };
		6B6A37801C116E6000620202 /* BNRItem+CoreDataProperties.m */ = {isa = PBXFileReference; fileEncoding = 4; lastKnownFileType = sourcecode.c.objc; path = "BNRItem+CoreDataProperties.m"; sourceTree = "<group>"; };
		6B6A37821C11881E00620202 /* en */ = {isa = PBXFileReference; lastKnownFileType = text.plist.xml; name = en; path = en.lproj/Info.plist; sourceTree = "<group>"; };
		6B6A37841C11882A00620202 /* zh-Hans */ = {isa = PBXFileReference; lastKnownFileType = text.plist.strings; name = "zh-Hans"; path = "zh-Hans.lproj/Main.strings"; sourceTree = "<group>"; };
		6B6A37851C11882A00620202 /* zh-Hans */ = {isa = PBXFileReference; lastKnownFileType = text.plist.strings; name = "zh-Hans"; path = "zh-Hans.lproj/LaunchScreen.strings"; sourceTree = "<group>"; };
		6B6A37861C11882D00620202 /* zh-Hans */ = {isa = PBXFileReference; lastKnownFileType = text.plist.xml; name = "zh-Hans"; path = "zh-Hans.lproj/Info.plist"; sourceTree = "<group>"; };
		6B6A37871C11883F00620202 /* Base */ = {isa = PBXFileReference; lastKnownFileType = text.plist.xml; name = Base; path = Base.lproj/Info.plist; sourceTree = "<group>"; };
		6B6A378B1C11894400620202 /* zh-Hans */ = {isa = PBXFileReference; lastKnownFileType = text.plist.strings; name = "zh-Hans"; path = "zh-Hans.lproj/str.strings"; sourceTree = "<group>"; };
		6B6A378D1C11894600620202 /* en */ = {isa = PBXFileReference; lastKnownFileType = text.plist.strings; name = en; path = en.lproj/str.strings; sourceTree = "<group>"; };
		6BD10D7E1C11694E0086590F /* KLCoreData.app */ = {isa = PBXFileReference; explicitFileType = wrapper.application; includeInIndex = 0; path = KLCoreData.app; sourceTree = BUILT_PRODUCTS_DIR; };
		6BD10D821C11694E0086590F /* main.m */ = {isa = PBXFileReference; lastKnownFileType = sourcecode.c.objc; path = main.m; sourceTree = "<group>"; };
		6BD10D871C11694E0086590F /* ViewController.h */ = {isa = PBXFileReference; lastKnownFileType = sourcecode.c.h; path = ViewController.h; sourceTree = "<group>"; };
		6BD10D881C11694E0086590F /* ViewController.m */ = {isa = PBXFileReference; lastKnownFileType = sourcecode.c.objc; path = ViewController.m; sourceTree = "<group>"; };
		6BD10D8B1C11694E0086590F /* Base */ = {isa = PBXFileReference; lastKnownFileType = file.storyboard; name = Base; path = Base.lproj/Main.storyboard; sourceTree = "<group>"; };
		6BD10D8D1C11694E0086590F /* Assets.xcassets */ = {isa = PBXFileReference; lastKnownFileType = folder.assetcatalog; path = Assets.xcassets; sourceTree = "<group>"; };
		6BD10D901C11694E0086590F /* Base */ = {isa = PBXFileReference; lastKnownFileType = file.storyboard; name = Base; path = Base.lproj/LaunchScreen.storyboard; sourceTree = "<group>"; };
		6BD10D981C1169710086590F /* BNRAppDelegate.h */ = {isa = PBXFileReference; fileEncoding = 4; lastKnownFileType = sourcecode.c.h; path = BNRAppDelegate.h; sourceTree = "<group>"; };
		6BD10D991C1169710086590F /* BNRAppDelegate.m */ = {isa = PBXFileReference; fileEncoding = 4; lastKnownFileType = sourcecode.c.objc; path = BNRAppDelegate.m; sourceTree = "<group>"; };
		6BD10D9A1C1169710086590F /* BNRDetailViewController.h */ = {isa = PBXFileReference; fileEncoding = 4; lastKnownFileType = sourcecode.c.h; path = BNRDetailViewController.h; sourceTree = "<group>"; };
		6BD10D9B1C1169710086590F /* BNRDetailViewController.m */ = {isa = PBXFileReference; fileEncoding = 4; lastKnownFileType = sourcecode.c.objc; path = BNRDetailViewController.m; sourceTree = "<group>"; };
		6BD10D9C1C1169710086590F /* BNRDetailViewController.xib */ = {isa = PBXFileReference; fileEncoding = 4; lastKnownFileType = file.xib; path = BNRDetailViewController.xib; sourceTree = "<group>"; };
		6BD10D9D1C1169710086590F /* BNRImageStore.h */ = {isa = PBXFileReference; fileEncoding = 4; lastKnownFileType = sourcecode.c.h; path = BNRImageStore.h; sourceTree = "<group>"; };
		6BD10D9E1C1169710086590F /* BNRImageStore.m */ = {isa = PBXFileReference; fileEncoding = 4; lastKnownFileType = sourcecode.c.objc; path = BNRImageStore.m; sourceTree = "<group>"; };
		6BD10D9F1C1169710086590F /* BNRItem.h */ = {isa = PBXFileReference; fileEncoding = 4; lastKnownFileType = sourcecode.c.h; path = BNRItem.h; sourceTree = "<group>"; };
		6BD10DA01C1169710086590F /* BNRItem.m */ = {isa = PBXFileReference; fileEncoding = 4; lastKnownFileType = sourcecode.c.objc; path = BNRItem.m; sourceTree = "<group>"; };
		6BD10DA11C1169710086590F /* BNRItemStore.h */ = {isa = PBXFileReference; fileEncoding = 4; lastKnownFileType = sourcecode.c.h; path = BNRItemStore.h; sourceTree = "<group>"; };
		6BD10DA21C1169710086590F /* BNRItemStore.m */ = {isa = PBXFileReference; fileEncoding = 4; lastKnownFileType = sourcecode.c.objc; path = BNRItemStore.m; sourceTree = "<group>"; };
		6BD10DA31C1169710086590F /* BNRItemsViewController.h */ = {isa = PBXFileReference; fileEncoding = 4; lastKnownFileType = sourcecode.c.h; path = BNRItemsViewController.h; sourceTree = "<group>"; };
		6BD10DA41C1169710086590F /* BNRItemsViewController.m */ = {isa = PBXFileReference; fileEncoding = 4; lastKnownFileType = sourcecode.c.objc; path = BNRItemsViewController.m; sourceTree = "<group>"; };
		6BD10DA71C1169710086590F /* en */ = {isa = PBXFileReference; lastKnownFileType = text.plist.strings; name = en; path = InfoPlist.strings; sourceTree = "<group>"; };
		6BD10DA81C1169710086590F /* HomePwner-Info.plist */ = {isa = PBXFileReference; fileEncoding = 4; lastKnownFileType = text.plist.xml; path = "HomePwner-Info.plist"; sourceTree = "<group>"; };
		6BD10DA91C1169710086590F /* HomePwner-Prefix.pch */ = {isa = PBXFileReference; fileEncoding = 4; lastKnownFileType = sourcecode.c.h; path = "HomePwner-Prefix.pch"; sourceTree = "<group>"; };
/* End PBXFileReference section */

/* Begin PBXFrameworksBuildPhase section */
		6BD10D7B1C11694E0086590F /* Frameworks */ = {
			isa = PBXFrameworksBuildPhase;
			buildActionMask = 2147483647;
			files = (
			);
			runOnlyForDeploymentPostprocessing = 0;
		};
/* End PBXFrameworksBuildPhase section */

/* Begin PBXGroup section */
		6BD10D751C11694E0086590F = {
			isa = PBXGroup;
			children = (
				6BD10D801C11694E0086590F /* KLCoreData */,
				6BD10D7F1C11694E0086590F /* Products */,
			);
			sourceTree = "<group>";
		};
		6BD10D7F1C11694E0086590F /* Products */ = {
			isa = PBXGroup;
			children = (
				6BD10D7E1C11694E0086590F /* KLCoreData.app */,
			);
			name = Products;
			sourceTree = "<group>";
		};
		6BD10D801C11694E0086590F /* KLCoreData */ = {
			isa = PBXGroup;
			children = (
				6BD10D981C1169710086590F /* BNRAppDelegate.h */,
				6BD10D991C1169710086590F /* BNRAppDelegate.m */,
				6BD10D871C11694E0086590F /* ViewController.h */,
				6BD10D881C11694E0086590F /* ViewController.m */,
				6BD10D8A1C11694E0086590F /* Main.storyboard */,
				6BD10D9A1C1169710086590F /* BNRDetailViewController.h */,
				6BD10D9B1C1169710086590F /* BNRDetailViewController.m */,
				6BD10D9C1C1169710086590F /* BNRDetailViewController.xib */,
				6BD10D9D1C1169710086590F /* BNRImageStore.h */,
				6BD10D9E1C1169710086590F /* BNRImageStore.m */,
				6BD10D9F1C1169710086590F /* BNRItem.h */,
				6BD10DA01C1169710086590F /* BNRItem.m */,
				6B6A377F1C116E6000620202 /* BNRItem+CoreDataProperties.h */,
				6B6A37801C116E6000620202 /* BNRItem+CoreDataProperties.m */,
				6BD10DA11C1169710086590F /* BNRItemStore.h */,
				6BD10DA21C1169710086590F /* BNRItemStore.m */,
				6BD10DA31C1169710086590F /* BNRItemsViewController.h */,
				6BD10DA41C1169710086590F /* BNRItemsViewController.m */,
				6BD10DA51C1169710086590F /* en.lproj */,
				6BD10DA81C1169710086590F /* HomePwner-Info.plist */,
				6B6A37791C116B1500620202 /* Homepwner.xcdatamodeld */,
				6B6A378C1C11894400620202 /* str.strings */,
				6BD10DA91C1169710086590F /* HomePwner-Prefix.pch */,
				6BD10D8D1C11694E0086590F /* Assets.xcassets */,
				6BD10D8F1C11694E0086590F /* LaunchScreen.storyboard */,
				6B6A37831C11881E00620202 /* Info.plist */,
				6BD10D811C11694E0086590F /* Supporting Files */,
			);
			path = KLCoreData;
			sourceTree = "<group>";
		};
		6BD10D811C11694E0086590F /* Supporting Files */ = {
			isa = PBXGroup;
			children = (
				6BD10D821C11694E0086590F /* main.m */,
			);
			name = "Supporting Files";
			sourceTree = "<group>";
		};
		6BD10DA51C1169710086590F /* en.lproj */ = {
			isa = PBXGroup;
			children = (
				6BD10DA61C1169710086590F /* InfoPlist.strings */,
			);
			path = en.lproj;
			sourceTree = "<group>";
		};
/* End PBXGroup section */

/* Begin PBXNativeTarget section */
		6BD10D7D1C11694E0086590F /* KLCoreData */ = {
			isa = PBXNativeTarget;
			buildConfigurationList = 6BD10D951C11694E0086590F /* Build configuration list for PBXNativeTarget "KLCoreData" */;
			buildPhases = (
				6BD10D7A1C11694E0086590F /* Sources */,
				6BD10D7B1C11694E0086590F /* Frameworks */,
				6BD10D7C1C11694E0086590F /* Resources */,
			);
			buildRules = (
			);
			dependencies = (
			);
			name = KLCoreData;
			productName = KLCoreData;
			productReference = 6BD10D7E1C11694E0086590F /* KLCoreData.app */;
			productType = "com.apple.product-type.application";
		};
/* End PBXNativeTarget section */

/* Begin PBXProject section */
		6BD10D761C11694E0086590F /* Project object */ = {
			isa = PBXProject;
			attributes = {
				LastUpgradeCheck = 0710;
				ORGANIZATIONNAME = kl;
				TargetAttributes = {
					6BD10D7D1C11694E0086590F = {
						CreatedOnToolsVersion = 7.1.1;
						DevelopmentTeam = 9LX3DSVSDD;
					};
				};
			};
			buildConfigurationList = 6BD10D791C11694E0086590F /* Build configuration list for PBXProject "KLCoreData" */;
			compatibilityVersion = "Xcode 3.2";
			developmentRegion = English;
			hasScannedForEncodings = 0;
			knownRegions = (
				en,
				Base,
				"zh-Hans",
			);
			mainGroup = 6BD10D751C11694E0086590F;
			productRefGroup = 6BD10D7F1C11694E0086590F /* Products */;
			projectDirPath = "";
			projectRoot = "";
			targets = (
				6BD10D7D1C11694E0086590F /* KLCoreData */,
			);
		};
/* End PBXProject section */

/* Begin PBXResourcesBuildPhase section */
		6BD10D7C1C11694E0086590F /* Resources */ = {
			isa = PBXResourcesBuildPhase;
			buildActionMask = 2147483647;
			files = (
				6BD10DB31C1169710086590F /* HomePwner-Info.plist in Resources */,
				6BD10DAD1C1169710086590F /* BNRDetailViewController.xib in Resources */,
				6BD10D911C11694E0086590F /* LaunchScreen.storyboard in Resources */,
				6BD10D8E1C11694E0086590F /* Assets.xcassets in Resources */,
				6BD10D8C1C11694E0086590F /* Main.storyboard in Resources */,
				6B6A378A1C11894400620202 /* str.strings in Resources */,
				6BD10DB21C1169710086590F /* InfoPlist.strings in Resources */,
			);
			runOnlyForDeploymentPostprocessing = 0;
		};
/* End PBXResourcesBuildPhase section */

/* Begin PBXSourcesBuildPhase section */
		6BD10D7A1C11694E0086590F /* Sources */ = {
			isa = PBXSourcesBuildPhase;
			buildActionMask = 2147483647;
			files = (
				6BD10DAE1C1169710086590F /* BNRImageStore.m in Sources */,
				6B6A377B1C116B1500620202 /* Homepwner.xcdatamodeld in Sources */,
				6BD10DAF1C1169710086590F /* BNRItem.m in Sources */,
				6BD10DAC1C1169710086590F /* BNRDetailViewController.m in Sources */,
				6BD10DB01C1169710086590F /* BNRItemStore.m in Sources */,
				6BD10D891C11694E0086590F /* ViewController.m in Sources */,
				6BD10DAB1C1169710086590F /* BNRAppDelegate.m in Sources */,
				6B6A37811C116E6000620202 /* BNRItem+CoreDataProperties.m in Sources */,
				6BD10DB11C1169710086590F /* BNRItemsViewController.m in Sources */,
				6BD10D831C11694E0086590F /* main.m in Sources */,
			);
			runOnlyForDeploymentPostprocessing = 0;
		};
/* End PBXSourcesBuildPhase section */

/* Begin PBXVariantGroup section */
		6B6A37831C11881E00620202 /* Info.plist */ = {
			isa = PBXVariantGroup;
			children = (
				6B6A37821C11881E00620202 /* en */,
				6B6A37861C11882D00620202 /* zh-Hans */,
				6B6A37871C11883F00620202 /* Base */,
			);
			name = Info.plist;
			sourceTree = "<group>";
		};
		6B6A378C1C11894400620202 /* str.strings */ = {
			isa = PBXVariantGroup;
			children = (
				6B6A378B1C11894400620202 /* zh-Hans */,
				6B6A378D1C11894600620202 /* en */,
			);
			name = str.strings;
			sourceTree = "<group>";
		};
		6BD10D8A1C11694E0086590F /* Main.storyboard */ = {
			isa = PBXVariantGroup;
			children = (
				6BD10D8B1C11694E0086590F /* Base */,
				6B6A37841C11882A00620202 /* zh-Hans */,
			);
			name = Main.storyboard;
			sourceTree = "<group>";
		};
		6BD10D8F1C11694E0086590F /* LaunchScreen.storyboard */ = {
			isa = PBXVariantGroup;
			children = (
				6BD10D901C11694E0086590F /* Base */,
				6B6A37851C11882A00620202 /* zh-Hans */,
			);
			name = LaunchScreen.storyboard;
			sourceTree = "<group>";
		};
		6BD10DA61C1169710086590F /* InfoPlist.strings */ = {
			isa = PBXVariantGroup;
			children = (
				6BD10DA71C1169710086590F /* en */,
			);
			name = InfoPlist.strings;
			sourceTree = "<group>";
		};
/* End PBXVariantGroup section */

/* Begin XCBuildConfiguration section */
		6BD10D931C11694E0086590F /* Debug */ = {
			isa = XCBuildConfiguration;
			buildSettings = {
				ALWAYS_SEARCH_USER_PATHS = NO;
				CLANG_CXX_LANGUAGE_STANDARD = "gnu++0x";
				CLANG_CXX_LIBRARY = "libc++";
				CLANG_ENABLE_MODULES = YES;
				CLANG_ENABLE_OBJC_ARC = YES;
				CLANG_WARN_BOOL_CONVERSION = YES;
				CLANG_WARN_CONSTANT_CONVERSION = YES;
				CLANG_WARN_DIRECT_OBJC_ISA_USAGE = YES_ERROR;
				CLANG_WARN_EMPTY_BODY = YES;
				CLANG_WARN_ENUM_CONVERSION = YES;
				CLANG_WARN_INT_CONVERSION = YES;
				CLANG_WARN_OBJC_ROOT_CLASS = YES_ERROR;
				CLANG_WARN_UNREACHABLE_CODE = YES;
				CLANG_WARN__DUPLICATE_METHOD_MATCH = YES;
				"CODE_SIGN_IDENTITY[sdk=iphoneos*]" = "iPhone Developer";
				COPY_PHASE_STRIP = NO;
				DEBUG_INFORMATION_FORMAT = dwarf;
				ENABLE_STRICT_OBJC_MSGSEND = YES;
				ENABLE_TESTABILITY = YES;
				GCC_C_LANGUAGE_STANDARD = gnu99;
				GCC_DYNAMIC_NO_PIC = NO;
				GCC_NO_COMMON_BLOCKS = YES;
				GCC_OPTIMIZATION_LEVEL = 0;
				GCC_PREPROCESSOR_DEFINITIONS = (
					"DEBUG=1",
					"$(inherited)",
				);
				GCC_WARN_64_TO_32_BIT_CONVERSION = YES;
				GCC_WARN_ABOUT_RETURN_TYPE = YES_ERROR;
				GCC_WARN_UNDECLARED_SELECTOR = YES;
				GCC_WARN_UNINITIALIZED_AUTOS = YES_AGGRESSIVE;
				GCC_WARN_UNUSED_FUNCTION = YES;
				GCC_WARN_UNUSED_VARIABLE = YES;
				IPHONEOS_DEPLOYMENT_TARGET = 9.1;
				MTL_ENABLE_DEBUG_INFO = YES;
				ONLY_ACTIVE_ARCH = YES;
				SDKROOT = iphoneos;
				TARGETED_DEVICE_FAMILY = "1,2";
			};
			name = Debug;
		};
		6BD10D941C11694E0086590F /* Release */ = {
			isa = XCBuildConfiguration;
			buildSettings = {
				ALWAYS_SEARCH_USER_PATHS = NO;
				CLANG_CXX_LANGUAGE_STANDARD = "gnu++0x";
				CLANG_CXX_LIBRARY = "libc++";
				CLANG_ENABLE_MODULES = YES;
				CLANG_ENABLE_OBJC_ARC = YES;
				CLANG_WARN_BOOL_CONVERSION = YES;
				CLANG_WARN_CONSTANT_CONVERSION = YES;
				CLANG_WARN_DIRECT_OBJC_ISA_USAGE = YES_ERROR;
				CLANG_WARN_EMPTY_BODY = YES;
				CLANG_WARN_ENUM_CONVERSION = YES;
				CLANG_WARN_INT_CONVERSION = YES;
				CLANG_WARN_OBJC_ROOT_CLASS = YES_ERROR;
				CLANG_WARN_UNREACHABLE_CODE = YES;
				CLANG_WARN__DUPLICATE_METHOD_MATCH = YES;
				"CODE_SIGN_IDENTITY[sdk=iphoneos*]" = "iPhone Developer";
				COPY_PHASE_STRIP = NO;
				DEBUG_INFORMATION_FORMAT = "dwarf-with-dsym";
				ENABLE_NS_ASSERTIONS = NO;
				ENABLE_STRICT_OBJC_MSGSEND = YES;
				GCC_C_LANGUAGE_STANDARD = gnu99;
				GCC_NO_COMMON_BLOCKS = YES;
				GCC_WARN_64_TO_32_BIT_CONVERSION = YES;
				GCC_WARN_ABOUT_RETURN_TYPE = YES_ERROR;
				GCC_WARN_UNDECLARED_SELECTOR = YES;
				GCC_WARN_UNINITIALIZED_AUTOS = YES_AGGRESSIVE;
				GCC_WARN_UNUSED_FUNCTION = YES;
				GCC_WARN_UNUSED_VARIABLE = YES;
				IPHONEOS_DEPLOYMENT_TARGET = 9.1;
				MTL_ENABLE_DEBUG_INFO = NO;
				SDKROOT = iphoneos;
				TARGETED_DEVICE_FAMILY = "1,2";
				VALIDATE_PRODUCT = YES;
			};
			name = Release;
		};
		6BD10D961C11694E0086590F /* Debug */ = {
			isa = XCBuildConfiguration;
			buildSettings = {
				ASSETCATALOG_COMPILER_APPICON_NAME = AppIcon;
				INFOPLIST_FILE = KLCoreData/Info.plist;
				LD_RUNPATH_SEARCH_PATHS = "$(inherited) @executable_path/Frameworks";
				PRODUCT_BUNDLE_IDENTIFIER = edu.kl.KLCoreData;
				PRODUCT_NAME = "$(TARGET_NAME)";
			};
			name = Debug;
		};
		6BD10D971C11694E0086590F /* Release */ = {
			isa = XCBuildConfiguration;
			buildSettings = {
				ASSETCATALOG_COMPILER_APPICON_NAME = AppIcon;
				INFOPLIST_FILE = KLCoreData/Info.plist;
				LD_RUNPATH_SEARCH_PATHS = "$(inherited) @executable_path/Frameworks";
				PRODUCT_BUNDLE_IDENTIFIER = edu.kl.KLCoreData;
				PRODUCT_NAME = "$(TARGET_NAME)";
			};
			name = Release;
		};
/* End XCBuildConfiguration section */

/* Begin XCConfigurationList section */
		6BD10D791C11694E0086590F /* Build configuration list for PBXProject "KLCoreData" */ = {
			isa = XCConfigurationList;
			buildConfigurations = (
				6BD10D931C11694E0086590F /* Debug */,
				6BD10D941C11694E0086590F /* Release */,
			);
			defaultConfigurationIsVisible = 0;
			defaultConfigurationName = Release;
		};
		6BD10D951C11694E0086590F /* Build configuration list for PBXNativeTarget "KLCoreData" */ = {
			isa = XCConfigurationList;
			buildConfigurations = (
				6BD10D961C11694E0086590F /* Debug */,
				6BD10D971C11694E0086590F /* Release */,
			);
			defaultConfigurationIsVisible = 0;
			defaultConfigurationName = Release;
		};
/* End XCConfigurationList section */

/* Begin XCVersionGroup section */
		6B6A37791C116B1500620202 /* Homepwner.xcdatamodeld */ = {
			isa = XCVersionGroup;
			children = (
				6B6A377A1C116B1500620202 /* Homepwner.xcdatamodel */,
			);
			currentVersion = 6B6A377A1C116B1500620202 /* Homepwner.xcdatamodel */;
			path = Homepwner.xcdatamodeld;
			sourceTree = "<group>";
			versionGroupType = wrapper.xcdatamodel;
		};
/* End XCVersionGroup section */
	};
	rootObject = 6BD10D761C11694E0086590F /* Project object */;
}
